
Microsoft Visual Studio Solution File, Format Version 12.00
# Visual Studio Version 17
VisualStudioVersion = 17.9.34902.65
MinimumVisualStudioVersion = 10.0.40219.1
Project("{FAE04EC0-301F-11D3-BF4B-00C04F79EFBC}") = "Restauracja", "Restauracja\Restauracja.csproj", "{815E3099-EA45-4DBB-A34B-13CCD4E2E8A1}"
EndProject
Global
	GlobalSection(SolutionConfigurationPlatforms) = preSolution
		Debug|Any CPU = Debug|Any CPU
		Release|Any CPU = Release|Any CPU
	EndGlobalSection
	GlobalSection(ProjectConfigurationPlatforms) = postSolution
		{815E3099-EA45-4DBB-A34B-13CCD4E2E8A1}.Debug|Any CPU.ActiveCfg = Debug|Any CPU
		{815E3099-EA45-4DBB-A34B-13CCD4E2E8A1}.Debug|Any CPU.Build.0 = Debug|Any CPU
		{815E3099-EA45-4DBB-A34B-13CCD4E2E8A1}.Release|Any CPU.ActiveCfg = Release|Any CPU
		{815E3099-EA45-4DBB-A34B-13CCD4E2E8A1}.Release|Any CPU.Build.0 = Release|Any CPU
	EndGlobalSection
	GlobalSection(SolutionProperties) = preSolution
		HideSolutionNode = FALSE
	EndGlobalSection
	GlobalSection(ExtensibilityGlobals) = postSolution
		SolutionGuid = {BEEE837D-C135-4D73-AA2E-4BDC0C0F4142}
	EndGlobalSection
EndGlobal
